{
  "originHash" : "a4662b85b1212a6a20208e6c73eaee0b942afd8b65e6d39bd0f443c8752e4084",
  "pins" : [
    {
      "identity" : "keychain-swift",
      "kind" : "remoteSourceControl",
      "location" : "https://github.com/evgenyneu/keychain-swift",
      "state" : {
        "revision" : "d108a1fa6189e661f91560548ef48651ed8d93b9",
        "version" : "20.0.0"
      }
    },
    {
      "identity" : "nice-cxone-mobile-sdk-ios",
      "kind" : "remoteSourceControl",
      "location" : "https://github.com/nice-devone/nice-cxone-mobile-sdk-ios",
      "state" : {
        "revision" : "806ea02587c6000daad6ee3dbf9832db12de1313",
        "version" : "2.0.0"
      }
    }
  ],
  "version" : 3
}
